
Microsoft Visual Studio Solution File, Format Version 12.00
# Visual Studio Version 17
VisualStudioVersion = 17.11.35327.3
MinimumVisualStudioVersion = 10.0.40219.1
Project("{FAE04EC0-301F-11D3-BF4B-00C04F79EFBC}") = "FurniroomAPI", "FurniroomAPI\FurniroomAPI.csproj", "{D39CF05B-F885-4157-A810-F2D1E86E1B8A}"
EndProject
Project("{FAE04EC0-301F-11D3-BF4B-00C04F79EFBC}") = "Information Service", "Information Service\Information Service.csproj", "{A0BFFA42-A0E9-41A0-A734-5A1E38A65810}"
EndProject
Global
	GlobalSection(SolutionConfigurationPlatforms) = preSolution
		Debug|Any CPU = Debug|Any CPU
		Release|Any CPU = Release|Any CPU
	EndGlobalSection
	GlobalSection(ProjectConfigurationPlatforms) = postSolution
		{D39CF05B-F885-4157-A810-F2D1E86E1B8A}.Debug|Any CPU.ActiveCfg = Debug|Any CPU
		{D39CF05B-F885-4157-A810-F2D1E86E1B8A}.Debug|Any CPU.Build.0 = Debug|Any CPU
		{D39CF05B-F885-4157-A810-F2D1E86E1B8A}.Release|Any CPU.ActiveCfg = Release|Any CPU
		{D39CF05B-F885-4157-A810-F2D1E86E1B8A}.Release|Any CPU.Build.0 = Release|Any CPU
		{A0BFFA42-A0E9-41A0-A734-5A1E38A65810}.Debug|Any CPU.ActiveCfg = Debug|Any CPU
		{A0BFFA42-A0E9-41A0-A734-5A1E38A65810}.Debug|Any CPU.Build.0 = Debug|Any CPU
		{A0BFFA42-A0E9-41A0-A734-5A1E38A65810}.Release|Any CPU.ActiveCfg = Release|Any CPU
		{A0BFFA42-A0E9-41A0-A734-5A1E38A65810}.Release|Any CPU.Build.0 = Release|Any CPU
	EndGlobalSection
	GlobalSection(SolutionProperties) = preSolution
		HideSolutionNode = FALSE
	EndGlobalSection
	GlobalSection(ExtensibilityGlobals) = postSolution
		SolutionGuid = {B8B2E6DD-0753-4ED8-9113-E7FA62A600F2}
	EndGlobalSection
EndGlobal
